<?xml version="1.0" encoding="utf-8"?>
<Project ToolsVersion="4.0" xmlns="http://schemas.microsoft.com/developer/msbuild/2003">
  <ItemGroup>
    <Filter Include="Source Files">
      <UniqueIdentifier>{4FC737F1-C7A5-4376-A066-2A32D752A2FF}</UniqueIdentifier>
      <Extensions>cpp;c;cc;cxx;c++;cppm;ixx;def;odl;idl;hpj;bat;asm;asmx</Extensions>
    </Filter>
    <Filter Include="cudaMiner">
      <UniqueIdentifier>{b16ff8ad-e73a-4751-bcd7-ebc440116a5f}</UniqueIdentifier>
    </Filter>
    <Filter Include="blockChain">
      <UniqueIdentifier>{8c3db3f2-03ef-4c5b-ab08-99c5b55c7965}</UniqueIdentifier>
    </Filter>
    <Filter Include="blockChain\blockChainP2P">
      <UniqueIdentifier>{8e2e1b71-bd64-4c40-8a11-b14ee9648bca}</UniqueIdentifier>
    </Filter>
  </ItemGroup>
  <ItemGroup>
    <ClCompile Include="src\main.cpp">
      <Filter>Source Files</Filter>
    </ClCompile>
    <ClCompile Include="src\cudaMiner.cpp">
      <Filter>cudaMiner</Filter>
    </ClCompile>
    <ClCompile Include="src\classBlockChain.cpp">
      <Filter>blockChain</Filter>
    </ClCompile>
    <ClCompile Include="src\classBlock.cpp">
      <Filter>blockChain</Filter>
    </ClCompile>
    <ClCompile Include="src\transaction.cpp">
      <Filter>blockChain</Filter>
    </ClCompile>
    <ClCompile Include="src\serverImplementationsP2P.cpp">
      <Filter>blockChain\blockChainP2P</Filter>
    </ClCompile>
    <ClCompile Include="src\receiverImplementationsP2P.cpp">
      <Filter>blockChain\blockChainP2P</Filter>
    </ClCompile>
    <ClCompile Include="src\winsockInit.cpp">
      <Filter>blockChain\blockChainP2P</Filter>
    </ClCompile>
  </ItemGroup>
  <ItemGroup>
    <ClInclude Include="src\cudaMiner.h">
      <Filter>cudaMiner</Filter>
    </ClInclude>
    <ClInclude Include="src\transaction.h">
      <Filter>blockChain</Filter>
    </ClInclude>
    <ClInclude Include="src\classBlockChain.h">
      <Filter>blockChain</Filter>
    </ClInclude>
    <ClInclude Include="src\classBlock.h">
      <Filter>blockChain</Filter>
    </ClInclude>
    <ClInclude Include="src\winsockInit.h">
      <Filter>blockChain\blockChainP2P</Filter>
    </ClInclude>
    <ClInclude Include="src\receiverImplementationsP2P.h">
      <Filter>blockChain\blockChainP2P</Filter>
    </ClInclude>
    <ClInclude Include="src\serverImplementationsP2P.h">
      <Filter>blockChain\blockChainP2P</Filter>
    </ClInclude>
  </ItemGroup>
  <ItemGroup>
    <CudaCompile Include="src\cudaMiner.cu">
      <Filter>cudaMiner</Filter>
    </CudaCompile>
  </ItemGroup>
</Project>